
Microsoft Visual Studio Solution File, Format Version 11.00
# Visual Studio 2010
Project("{FAE04EC0-301F-11D3-BF4B-00C04F79EFBC}") = "AR_Tran(iOS)", "Assembly-CSharp.csproj", "{D2AAAA4E-DBC0-C200-4724-1CBA751ABB10}"
EndProject
Project("{FAE04EC0-301F-11D3-BF4B-00C04F79EFBC}") = "AR_Tran(iOS)", "Assembly-CSharp-Editor.csproj", "{53747F57-AB5A-D459-B3D9-A95834985C08}"
EndProject
Global
	GlobalSection(SolutionConfigurationPlatforms) = preSolution
		Debug|Any CPU = Debug|Any CPU
		Release|Any CPU = Release|Any CPU
	EndGlobalSection
	GlobalSection(ProjectConfigurationPlatforms) = postSolution
		{D2AAAA4E-DBC0-C200-4724-1CBA751ABB10}.Debug|Any CPU.ActiveCfg = Debug|Any CPU
		{D2AAAA4E-DBC0-C200-4724-1CBA751ABB10}.Debug|Any CPU.Build.0 = Debug|Any CPU
		{D2AAAA4E-DBC0-C200-4724-1CBA751ABB10}.Release|Any CPU.ActiveCfg = Release|Any CPU
		{D2AAAA4E-DBC0-C200-4724-1CBA751ABB10}.Release|Any CPU.Build.0 = Release|Any CPU
		{53747F57-AB5A-D459-B3D9-A95834985C08}.Debug|Any CPU.ActiveCfg = Debug|Any CPU
		{53747F57-AB5A-D459-B3D9-A95834985C08}.Debug|Any CPU.Build.0 = Debug|Any CPU
		{53747F57-AB5A-D459-B3D9-A95834985C08}.Release|Any CPU.ActiveCfg = Release|Any CPU
		{53747F57-AB5A-D459-B3D9-A95834985C08}.Release|Any CPU.Build.0 = Release|Any CPU
	EndGlobalSection
	GlobalSection(SolutionProperties) = preSolution
		HideSolutionNode = FALSE
	EndGlobalSection
	GlobalSection(MonoDevelopProperties) = preSolution
		StartupItem = Assembly-CSharp.csproj
	EndGlobalSection
EndGlobal
